// !$*UTF8*$!
{
	archiveVersion = 1;
	classes = {
	};
	objectVersion = 46;
	objects = {

/* Begin PBXBuildFile section */
		7AF3663F1D31F6CD007021C2 /* main.m in Sources */ = {isa = PBXBuildFile; fileRef = 7AF3663E1D31F6CD007021C2 /* main.m */; };
		7AF366421D31F6CD007021C2 /* AppDelegate.m in Sources */ = {isa = PBXBuildFile; fileRef = 7AF366411D31F6CD007021C2 /* AppDelegate.m */; };
		7AF366451D31F6CD007021C2 /* ViewController.m in Sources */ = {isa = PBXBuildFile; fileRef = 7AF366441D31F6CD007021C2 /* ViewController.m */; };
		7AF366481D31F6CD007021C2 /* Main.storyboard in Resources */ = {isa = PBXBuildFile; fileRef = 7AF366461D31F6CD007021C2 /* Main.storyboard */; };
		7AF3664A1D31F6CD007021C2 /* Assets.xcassets in Resources */ = {isa = PBXBuildFile; fileRef = 7AF366491D31F6CD007021C2 /* Assets.xcassets */; };
		7AF3664D1D31F6CD007021C2 /* LaunchScreen.storyboard in Resources */ = {isa = PBXBuildFile; fileRef = 7AF3664B1D31F6CD007021C2 /* LaunchScreen.storyboard */; };
		7AF366581D31F6CD007021C2 /* MeiQianZhengTests.m in Sources */ = {isa = PBXBuildFile; fileRef = 7AF366571D31F6CD007021C2 /* MeiQianZhengTests.m */; };
		7AF366631D31F6CD007021C2 /* MeiQianZhengUITests.m in Sources */ = {isa = PBXBuildFile; fileRef = 7AF366621D31F6CD007021C2 /* MeiQianZhengUITests.m */; };
/* End PBXBuildFile section */

/* Begin PBXContainerItemProxy section */
		7AF366541D31F6CD007021C2 /* PBXContainerItemProxy */ = {
			isa = PBXContainerItemProxy;
			containerPortal = 7AF366321D31F6CD007021C2 /* Project object */;
			proxyType = 1;
			remoteGlobalIDString = 7AF366391D31F6CD007021C2;
			remoteInfo = MeiQianZheng;
		};
		7AF3665F1D31F6CD007021C2 /* PBXContainerItemProxy */ = {
			isa = PBXContainerItemProxy;
			containerPortal = 7AF366321D31F6CD007021C2 /* Project object */;
			proxyType = 1;
			remoteGlobalIDString = 7AF366391D31F6CD007021C2;
			remoteInfo = MeiQianZheng;
		};
/* End PBXContainerItemProxy section */

/* Begin PBXFileReference section */
		7AF3663A1D31F6CD007021C2 /* MeiQianZheng.app */ = {isa = PBXFileReference; explicitFileType = wrapper.application; includeInIndex = 0; path = MeiQianZheng.app; sourceTree = BUILT_PRODUCTS_DIR; };
		7AF3663E1D31F6CD007021C2 /* main.m */ = {isa = PBXFileReference; lastKnownFileType = sourcecode.c.objc; path = main.m; sourceTree = "<group>"; };
		7AF366401D31F6CD007021C2 /* AppDelegate.h */ = {isa = PBXFileReference; lastKnownFileType = sourcecode.c.h; path = AppDelegate.h; sourceTree = "<group>"; };
		7AF366411D31F6CD007021C2 /* AppDelegate.m */ = {isa = PBXFileReference; lastKnownFileType = sourcecode.c.objc; path = AppDelegate.m; sourceTree = "<group>"; };
		7AF366431D31F6CD007021C2 /* ViewController.h */ = {isa = PBXFileReference; lastKnownFileType = sourcecode.c.h; path = ViewController.h; sourceTree = "<group>"; };
		7AF366441D31F6CD007021C2 /* ViewController.m */ = {isa = PBXFileReference; lastKnownFileType = sourcecode.c.objc; path = ViewController.m; sourceTree = "<group>"; };
		7AF366471D31F6CD007021C2 /* Base */ = {isa = PBXFileReference; lastKnownFileType = file.storyboard; name = Base; path = Base.lproj/Main.storyboard; sourceTree = "<group>"; };
		7AF366491D31F6CD007021C2 /* Assets.xcassets */ = {isa = PBXFileReference; lastKnownFileType = folder.assetcatalog; path = Assets.xcassets; sourceTree = "<group>"; };
		7AF3664C1D31F6CD007021C2 /* Base */ = {isa = PBXFileReference; lastKnownFileType = file.storyboard; name = Base; path = Base.lproj/LaunchScreen.storyboard; sourceTree = "<group>"; };
		7AF3664E1D31F6CD007021C2 /* Info.plist */ = {isa = PBXFileReference; lastKnownFileType = text.plist.xml; path = Info.plist; sourceTree = "<group>"; };
		7AF366531D31F6CD007021C2 /* MeiQianZhengTests.xctest */ = {isa = PBXFileReference; explicitFileType = wrapper.cfbundle; includeInIndex = 0; path = MeiQianZhengTests.xctest; sourceTree = BUILT_PRODUCTS_DIR; };
		7AF366571D31F6CD007021C2 /* MeiQianZhengTests.m */ = {isa = PBXFileReference; lastKnownFileType = sourcecode.c.objc; path = MeiQianZhengTests.m; sourceTree = "<group>"; };
		7AF366591D31F6CD007021C2 /* Info.plist */ = {isa = PBXFileReference; lastKnownFileType = text.plist.xml; path = Info.plist; sourceTree = "<group>"; };
		7AF3665E1D31F6CD007021C2 /* MeiQianZhengUITests.xctest */ = {isa = PBXFileReference; explicitFileType = wrapper.cfbundle; includeInIndex = 0; path = MeiQianZhengUITests.xctest; sourceTree = BUILT_PRODUCTS_DIR; };
		7AF366621D31F6CD007021C2 /* MeiQianZhengUITests.m */ = {isa = PBXFileReference; lastKnownFileType = sourcecode.c.objc; path = MeiQianZhengUITests.m; sourceTree = "<group>"; };
		7AF366641D31F6CD007021C2 /* Info.plist */ = {isa = PBXFileReference; lastKnownFileType = text.plist.xml; path = Info.plist; sourceTree = "<group>"; };
/* End PBXFileReference section */

/* Begin PBXFrameworksBuildPhase section */
		7AF366371D31F6CD007021C2 /* Frameworks */ = {
			isa = PBXFrameworksBuildPhase;
			buildActionMask = 2147483647;
			files = (
			);
			runOnlyForDeploymentPostprocessing = 0;
		};
		7AF366501D31F6CD007021C2 /* Frameworks */ = {
			isa = PBXFrameworksBuildPhase;
			buildActionMask = 2147483647;
			files = (
			);
			runOnlyForDeploymentPostprocessing = 0;
		};
		7AF3665B1D31F6CD007021C2 /* Frameworks */ = {
			isa = PBXFrameworksBuildPhase;
			buildActionMask = 2147483647;
			files = (
			);
			runOnlyForDeploymentPostprocessing = 0;
		};
/* End PBXFrameworksBuildPhase section */

/* Begin PBXGroup section */
		7AF366311D31F6CD007021C2 = {
			isa = PBXGroup;
			children = (
				7AF3663C1D31F6CD007021C2 /* MeiQianZheng */,
				7AF366561D31F6CD007021C2 /* MeiQianZhengTests */,
				7AF366611D31F6CD007021C2 /* MeiQianZhengUITests */,
				7AF3663B1D31F6CD007021C2 /* Products */,
			);
			sourceTree = "<group>";
		};
		7AF3663B1D31F6CD007021C2 /* Products */ = {
			isa = PBXGroup;
			children = (
				7AF3663A1D31F6CD007021C2 /* MeiQianZheng.app */,
				7AF366531D31F6CD007021C2 /* MeiQianZhengTests.xctest */,
				7AF3665E1D31F6CD007021C2 /* MeiQianZhengUITests.xctest */,
			);
			name = Products;
			sourceTree = "<group>";
		};
		7AF3663C1D31F6CD007021C2 /* MeiQianZheng */ = {
			isa = PBXGroup;
			children = (
				7AF366401D31F6CD007021C2 /* AppDelegate.h */,
				7AF366411D31F6CD007021C2 /* AppDelegate.m */,
				7AF366431D31F6CD007021C2 /* ViewController.h */,
				7AF366441D31F6CD007021C2 /* ViewController.m */,
				7AF366461D31F6CD007021C2 /* Main.storyboard */,
				7AF366491D31F6CD007021C2 /* Assets.xcassets */,
				7AF3664B1D31F6CD007021C2 /* LaunchScreen.storyboard */,
				7AF3664E1D31F6CD007021C2 /* Info.plist */,
				7AF3663D1D31F6CD007021C2 /* Supporting Files */,
			);
			path = MeiQianZheng;
			sourceTree = "<group>";
		};
		7AF3663D1D31F6CD007021C2 /* Supporting Files */ = {
			isa = PBXGroup;
			children = (
				7AF3663E1D31F6CD007021C2 /* main.m */,
			);
			name = "Supporting Files";
			sourceTree = "<group>";
		};
		7AF366561D31F6CD007021C2 /* MeiQianZhengTests */ = {
			isa = PBXGroup;
			children = (
				7AF366571D31F6CD007021C2 /* MeiQianZhengTests.m */,
				7AF366591D31F6CD007021C2 /* Info.plist */,
			);
			path = MeiQianZhengTests;
			sourceTree = "<group>";
		};
		7AF366611D31F6CD007021C2 /* MeiQianZhengUITests */ = {
			isa = PBXGroup;
			children = (
				7AF366621D31F6CD007021C2 /* MeiQianZhengUITests.m */,
				7AF366641D31F6CD007021C2 /* Info.plist */,
			);
			path = MeiQianZhengUITests;
			sourceTree = "<group>";
		};
/* End PBXGroup section */

/* Begin PBXNativeTarget section */
		7AF366391D31F6CD007021C2 /* MeiQianZheng */ = {
			isa = PBXNativeTarget;
			buildConfigurationList = 7AF366671D31F6CD007021C2 /* Build configuration list for PBXNativeTarget "MeiQianZheng" */;
			buildPhases = (
				7AF366361D31F6CD007021C2 /* Sources */,
				7AF366371D31F6CD007021C2 /* Frameworks */,
				7AF366381D31F6CD007021C2 /* Resources */,
			);
			buildRules = (
			);
			dependencies = (
			);
			name = MeiQianZheng;
			productName = MeiQianZheng;
			productReference = 7AF3663A1D31F6CD007021C2 /* MeiQianZheng.app */;
			productType = "com.apple.product-type.application";
		};
		7AF366521D31F6CD007021C2 /* MeiQianZhengTests */ = {
			isa = PBXNativeTarget;
			buildConfigurationList = 7AF3666A1D31F6CD007021C2 /* Build configuration list for PBXNativeTarget "MeiQianZhengTests" */;
			buildPhases = (
				7AF3664F1D31F6CD007021C2 /* Sources */,
				7AF366501D31F6CD007021C2 /* Frameworks */,
				7AF366511D31F6CD007021C2 /* Resources */,
			);
			buildRules = (
			);
			dependencies = (
				7AF366551D31F6CD007021C2 /* PBXTargetDependency */,
			);
			name = MeiQianZhengTests;
			productName = MeiQianZhengTests;
			productReference = 7AF366531D31F6CD007021C2 /* MeiQianZhengTests.xctest */;
			productType = "com.apple.product-type.bundle.unit-test";
		};
		7AF3665D1D31F6CD007021C2 /* MeiQianZhengUITests */ = {
			isa = PBXNativeTarget;
			buildConfigurationList = 7AF3666D1D31F6CD007021C2 /* Build configuration list for PBXNativeTarget "MeiQianZhengUITests" */;
			buildPhases = (
				7AF3665A1D31F6CD007021C2 /* Sources */,
				7AF3665B1D31F6CD007021C2 /* Frameworks */,
				7AF3665C1D31F6CD007021C2 /* Resources */,
			);
			buildRules = (
			);
			dependencies = (
				7AF366601D31F6CD007021C2 /* PBXTargetDependency */,
			);
			name = MeiQianZhengUITests;
			productName = MeiQianZhengUITests;
			productReference = 7AF3665E1D31F6CD007021C2 /* MeiQianZhengUITests.xctest */;
			productType = "com.apple.product-type.bundle.ui-testing";
		};
/* End PBXNativeTarget section */

/* Begin PBXProject section */
		7AF366321D31F6CD007021C2 /* Project object */ = {
			isa = PBXProject;
			attributes = {
				LastUpgradeCheck = 0720;
				ORGANIZATIONNAME = ZYL;
				TargetAttributes = {
					7AF366391D31F6CD007021C2 = {
						CreatedOnToolsVersion = 7.2;
					};
					7AF366521D31F6CD007021C2 = {
						CreatedOnToolsVersion = 7.2;
						TestTargetID = 7AF366391D31F6CD007021C2;
					};
					7AF3665D1D31F6CD007021C2 = {
						CreatedOnToolsVersion = 7.2;
						TestTargetID = 7AF366391D31F6CD007021C2;
					};
				};
			};
			buildConfigurationList = 7AF366351D31F6CD007021C2 /* Build configuration list for PBXProject "MeiQianZheng" */;
			compatibilityVersion = "Xcode 3.2";
			developmentRegion = English;
			hasScannedForEncodings = 0;
			knownRegions = (
				en,
				Base,
			);
			mainGroup = 7AF366311D31F6CD007021C2;
			productRefGroup = 7AF3663B1D31F6CD007021C2 /* Products */;
			projectDirPath = "";
			projectRoot = "";
			targets = (
				7AF366391D31F6CD007021C2 /* MeiQianZheng */,
				7AF366521D31F6CD007021C2 /* MeiQianZhengTests */,
				7AF3665D1D31F6CD007021C2 /* MeiQianZhengUITests */,
			);
		};
/* End PBXProject section */

/* Begin PBXResourcesBuildPhase section */
		7AF366381D31F6CD007021C2 /* Resources */ = {
			isa = PBXResourcesBuildPhase;
			buildActionMask = 2147483647;
			files = (
				7AF3664D1D31F6CD007021C2 /* LaunchScreen.storyboard in Resources */,
				7AF3664A1D31F6CD007021C2 /* Assets.xcassets in Resources */,
				7AF366481D31F6CD007021C2 /* Main.storyboard in Resources */,
			);
			runOnlyForDeploymentPostprocessing = 0;
		};
		7AF366511D31F6CD007021C2 /* Resources */ = {
			isa = PBXResourcesBuildPhase;
			buildActionMask = 2147483647;
			files = (
			);
			runOnlyForDeploymentPostprocessing = 0;
		};
		7AF3665C1D31F6CD007021C2 /* Resources */ = {
			isa = PBXResourcesBuildPhase;
			buildActionMask = 2147483647;
			files = (
			);
			runOnlyForDeploymentPostprocessing = 0;
		};
/* End PBXResourcesBuildPhase section */

/* Begin PBXSourcesBuildPhase section */
		7AF366361D31F6CD007021C2 /* Sources */ = {
			isa = PBXSourcesBuildPhase;
			buildActionMask = 2147483647;
			files = (
				7AF366451D31F6CD007021C2 /* ViewController.m in Sources */,
				7AF366421D31F6CD007021C2 /* AppDelegate.m in Sources */,
				7AF3663F1D31F6CD007021C2 /* main.m in Sources */,
			);
			runOnlyForDeploymentPostprocessing = 0;
		};
		7AF3664F1D31F6CD007021C2 /* Sources */ = {
			isa = PBXSourcesBuildPhase;
			buildActionMask = 2147483647;
			files = (
				7AF366581D31F6CD007021C2 /* MeiQianZhengTests.m in Sources */,
			);
			runOnlyForDeploymentPostprocessing = 0;
		};
		7AF3665A1D31F6CD007021C2 /* Sources */ = {
			isa = PBXSourcesBuildPhase;
			buildActionMask = 2147483647;
			files = (
				7AF366631D31F6CD007021C2 /* MeiQianZhengUITests.m in Sources */,
			);
			runOnlyForDeploymentPostprocessing = 0;
		};
/* End PBXSourcesBuildPhase section */

/* Begin PBXTargetDependency section */
		7AF366551D31F6CD007021C2 /* PBXTargetDependency */ = {
			isa = PBXTargetDependency;
			target = 7AF366391D31F6CD007021C2 /* MeiQianZheng */;
			targetProxy = 7AF366541D31F6CD007021C2 /* PBXContainerItemProxy */;
		};
		7AF366601D31F6CD007021C2 /* PBXTargetDependency */ = {
			isa = PBXTargetDependency;
			target = 7AF366391D31F6CD007021C2 /* MeiQianZheng */;
			targetProxy = 7AF3665F1D31F6CD007021C2 /* PBXContainerItemProxy */;
		};
/* End PBXTargetDependency section */

/* Begin PBXVariantGroup section */
		7AF366461D31F6CD007021C2 /* Main.storyboard */ = {
			isa = PBXVariantGroup;
			children = (
				7AF366471D31F6CD007021C2 /* Base */,
			);
			name = Main.storyboard;
			sourceTree = "<group>";
		};
		7AF3664B1D31F6CD007021C2 /* LaunchScreen.storyboard */ = {
			isa = PBXVariantGroup;
			children = (
				7AF3664C1D31F6CD007021C2 /* Base */,
			);
			name = LaunchScreen.storyboard;
			sourceTree = "<group>";
		};
/* End PBXVariantGroup section */

/* Begin XCBuildConfiguration section */
		7AF366651D31F6CD007021C2 /* Debug */ = {
			isa = XCBuildConfiguration;
			buildSettings = {
				ALWAYS_SEARCH_USER_PATHS = NO;
				CLANG_CXX_LANGUAGE_STANDARD = "gnu++0x";
				CLANG_CXX_LIBRARY = "libc++";
				CLANG_ENABLE_MODULES = YES;
				CLANG_ENABLE_OBJC_ARC = YES;
				CLANG_WARN_BOOL_CONVERSION = YES;
				CLANG_WARN_CONSTANT_CONVERSION = YES;
				CLANG_WARN_DIRECT_OBJC_ISA_USAGE = YES_ERROR;
				CLANG_WARN_EMPTY_BODY = YES;
				CLANG_WARN_ENUM_CONVERSION = YES;
				CLANG_WARN_INT_CONVERSION = YES;
				CLANG_WARN_OBJC_ROOT_CLASS = YES_ERROR;
				CLANG_WARN_UNREACHABLE_CODE = YES;
				CLANG_WARN__DUPLICATE_METHOD_MATCH = YES;
				"CODE_SIGN_IDENTITY[sdk=iphoneos*]" = "iPhone Developer";
				COPY_PHASE_STRIP = NO;
				DEBUG_INFORMATION_FORMAT = dwarf;
				ENABLE_STRICT_OBJC_MSGSEND = YES;
				ENABLE_TESTABILITY = YES;
				GCC_C_LANGUAGE_STANDARD = gnu99;
				GCC_DYNAMIC_NO_PIC = NO;
				GCC_NO_COMMON_BLOCKS = YES;
				GCC_OPTIMIZATION_LEVEL = 0;
				GCC_PREPROCESSOR_DEFINITIONS = (
					"DEBUG=1",
					"$(inherited)",
				);
				GCC_WARN_64_TO_32_BIT_CONVERSION = YES;
				GCC_WARN_ABOUT_RETURN_TYPE = YES_ERROR;
				GCC_WARN_UNDECLARED_SELECTOR = YES;
				GCC_WARN_UNINITIALIZED_AUTOS = YES_AGGRESSIVE;
				GCC_WARN_UNUSED_FUNCTION = YES;
				GCC_WARN_UNUSED_VARIABLE = YES;
				IPHONEOS_DEPLOYMENT_TARGET = 9.2;
				MTL_ENABLE_DEBUG_INFO = YES;
				ONLY_ACTIVE_ARCH = YES;
				SDKROOT = iphoneos;
				TARGETED_DEVICE_FAMILY = "1,2";
			};
			name = Debug;
		};
		7AF366661D31F6CD007021C2 /* Release */ = {
			isa = XCBuildConfiguration;
			buildSettings = {
				ALWAYS_SEARCH_USER_PATHS = NO;
				CLANG_CXX_LANGUAGE_STANDARD = "gnu++0x";
				CLANG_CXX_LIBRARY = "libc++";
				CLANG_ENABLE_MODULES = YES;
				CLANG_ENABLE_OBJC_ARC = YES;
				CLANG_WARN_BOOL_CONVERSION = YES;
				CLANG_WARN_CONSTANT_CONVERSION = YES;
				CLANG_WARN_DIRECT_OBJC_ISA_USAGE = YES_ERROR;
				CLANG_WARN_EMPTY_BODY = YES;
				CLANG_WARN_ENUM_CONVERSION = YES;
				CLANG_WARN_INT_CONVERSION = YES;
				CLANG_WARN_OBJC_ROOT_CLASS = YES_ERROR;
				CLANG_WARN_UNREACHABLE_CODE = YES;
				CLANG_WARN__DUPLICATE_METHOD_MATCH = YES;
				"CODE_SIGN_IDENTITY[sdk=iphoneos*]" = "iPhone Developer";
				COPY_PHASE_STRIP = NO;
				DEBUG_INFORMATION_FORMAT = "dwarf-with-dsym";
				ENABLE_NS_ASSERTIONS = NO;
				ENABLE_STRICT_OBJC_MSGSEND = YES;
				GCC_C_LANGUAGE_STANDARD = gnu99;
				GCC_NO_COMMON_BLOCKS = YES;
				GCC_WARN_64_TO_32_BIT_CONVERSION = YES;
				GCC_WARN_ABOUT_RETURN_TYPE = YES_ERROR;
				GCC_WARN_UNDECLARED_SELECTOR = YES;
				GCC_WARN_UNINITIALIZED_AUTOS = YES_AGGRESSIVE;
				GCC_WARN_UNUSED_FUNCTION = YES;
				GCC_WARN_UNUSED_VARIABLE = YES;
				IPHONEOS_DEPLOYMENT_TARGET = 9.2;
				MTL_ENABLE_DEBUG_INFO = NO;
				SDKROOT = iphoneos;
				TARGETED_DEVICE_FAMILY = "1,2";
				VALIDATE_PRODUCT = YES;
			};
			name = Release;
		};
		7AF366681D31F6CD007021C2 /* Debug */ = {
			isa = XCBuildConfiguration;
			buildSettings = {
				ASSETCATALOG_COMPILER_APPICON_NAME = AppIcon;
				CODE_SIGN_IDENTITY = "iPhone Distribution: Chunhua Xu (C64LJ4RZPN)";
				INFOPLIST_FILE = MeiQianZheng/Info.plist;
				LD_RUNPATH_SEARCH_PATHS = "$(inherited) @executable_path/Frameworks";
				PRODUCT_BUNDLE_IDENTIFIER = thoughtworks.thinking.MeiQianZheng;
				PRODUCT_NAME = "$(TARGET_NAME)";
			};
			name = Debug;
		};
		7AF366691D31F6CD007021C2 /* Release */ = {
			isa = XCBuildConfiguration;
			buildSettings = {
				ASSETCATALOG_COMPILER_APPICON_NAME = AppIcon;
				CODE_SIGN_IDENTITY = "iPhone Distribution: Chunhua Xu (C64LJ4RZPN)";
				INFOPLIST_FILE = MeiQianZheng/Info.plist;
				LD_RUNPATH_SEARCH_PATHS = "$(inherited) @executable_path/Frameworks";
				PRODUCT_BUNDLE_IDENTIFIER = thoughtworks.thinking.MeiQianZheng;
				PRODUCT_NAME = "$(TARGET_NAME)";
			};
			name = Release;
		};
		7AF3666B1D31F6CD007021C2 /* Debug */ = {
			isa = XCBuildConfiguration;
			buildSettings = {
				BUNDLE_LOADER = "$(TEST_HOST)";
				INFOPLIST_FILE = MeiQianZhengTests/Info.plist;
				LD_RUNPATH_SEARCH_PATHS = "$(inherited) @executable_path/Frameworks @loader_path/Frameworks";
				PRODUCT_BUNDLE_IDENTIFIER = UESTC.MeiQianZhengTests;
				PRODUCT_NAME = "$(TARGET_NAME)";
				TEST_HOST = "$(BUILT_PRODUCTS_DIR)/MeiQianZheng.app/MeiQianZheng";
			};
			name = Debug;
		};
		7AF3666C1D31F6CD007021C2 /* Release */ = {
			isa = XCBuildConfiguration;
			buildSettings = {
				BUNDLE_LOADER = "$(TEST_HOST)";
				INFOPLIST_FILE = MeiQianZhengTests/Info.plist;
				LD_RUNPATH_SEARCH_PATHS = "$(inherited) @executable_path/Frameworks @loader_path/Frameworks";
				PRODUCT_BUNDLE_IDENTIFIER = UESTC.MeiQianZhengTests;
				PRODUCT_NAME = "$(TARGET_NAME)";
				TEST_HOST = "$(BUILT_PRODUCTS_DIR)/MeiQianZheng.app/MeiQianZheng";
			};
			name = Release;
		};
		7AF3666E1D31F6CD007021C2 /* Debug */ = {
			isa = XCBuildConfiguration;
			buildSettings = {
				INFOPLIST_FILE = MeiQianZhengUITests/Info.plist;
				LD_RUNPATH_SEARCH_PATHS = "$(inherited) @executable_path/Frameworks @loader_path/Frameworks";
				PRODUCT_BUNDLE_IDENTIFIER = UESTC.MeiQianZhengUITests;
				PRODUCT_NAME = "$(TARGET_NAME)";
				TEST_TARGET_NAME = MeiQianZheng;
				USES_XCTRUNNER = YES;
			};
			name = Debug;
		};
		7AF3666F1D31F6CD007021C2 /* Release */ = {
			isa = XCBuildConfiguration;
			buildSettings = {
				INFOPLIST_FILE = MeiQianZhengUITests/Info.plist;
				LD_RUNPATH_SEARCH_PATHS = "$(inherited) @executable_path/Frameworks @loader_path/Frameworks";
				PRODUCT_BUNDLE_IDENTIFIER = UESTC.MeiQianZhengUITests;
				PRODUCT_NAME = "$(TARGET_NAME)";
				TEST_TARGET_NAME = MeiQianZheng;
				USES_XCTRUNNER = YES;
			};
			name = Release;
		};
/* End XCBuildConfiguration section */

/* Begin XCConfigurationList section */
		7AF366351D31F6CD007021C2 /* Build configuration list for PBXProject "MeiQianZheng" */ = {
			isa = XCConfigurationList;
			buildConfigurations = (
				7AF366651D31F6CD007021C2 /* Debug */,
				7AF366661D31F6CD007021C2 /* Release */,
			);
			defaultConfigurationIsVisible = 0;
			defaultConfigurationName = Release;
		};
		7AF366671D31F6CD007021C2 /* Build configuration list for PBXNativeTarget "MeiQianZheng" */ = {
			isa = XCConfigurationList;
			buildConfigurations = (
				7AF366681D31F6CD007021C2 /* Debug */,
				7AF366691D31F6CD007021C2 /* Release */,
			);
			defaultConfigurationIsVisible = 0;
			defaultConfigurationName = Release;
		};
		7AF3666A1D31F6CD007021C2 /* Build configuration list for PBXNativeTarget "MeiQianZhengTests" */ = {
			isa = XCConfigurationList;
			buildConfigurations = (
				7AF3666B1D31F6CD007021C2 /* Debug */,
				7AF3666C1D31F6CD007021C2 /* Release */,
			);
			defaultConfigurationIsVisible = 0;
			defaultConfigurationName = Release;
		};
		7AF3666D1D31F6CD007021C2 /* Build configuration list for PBXNativeTarget "MeiQianZhengUITests" */ = {
			isa = XCConfigurationList;
			buildConfigurations = (
				7AF3666E1D31F6CD007021C2 /* Debug */,
				7AF3666F1D31F6CD007021C2 /* Release */,
			);
			defaultConfigurationIsVisible = 0;
			defaultConfigurationName = Release;
		};
/* End XCConfigurationList section */
	};
	rootObject = 7AF366321D31F6CD007021C2 /* Project object */;
}
